
Microsoft Visual Studio Solution File, Format Version 12.00
# Visual Studio Version 17
VisualStudioVersion = 17.14.36408.4 d17.14
MinimumVisualStudioVersion = 10.0.40219.1
Project("{8BC9CEB8-8B4A-11D0-8D11-00A0C91BC942}") = "CBR.Game", "CBR.Game\CBR.Game.vcxproj", "{D2168163-6554-4053-AAB8-A36EBDBD7221}"
EndProject
Project("{8BC9CEB8-8B4A-11D0-8D11-00A0C91BC942}") = "CBR.Engine", "CBR.Engine\CBR.Engine.vcxproj", "{5EEFE09A-F744-469B-8950-7EC088A70C0E}"
EndProject
Global
	GlobalSection(SolutionConfigurationPlatforms) = preSolution
		Debug|x64 = Debug|x64
		Debug|x86 = Debug|x86
		Release|x64 = Release|x64
		Release|x86 = Release|x86
	EndGlobalSection
	GlobalSection(ProjectConfigurationPlatforms) = postSolution
		{D2168163-6554-4053-AAB8-A36EBDBD7221}.Debug|x64.ActiveCfg = Debug|x64
		{D2168163-6554-4053-AAB8-A36EBDBD7221}.Debug|x64.Build.0 = Debug|x64
		{D2168163-6554-4053-AAB8-A36EBDBD7221}.Debug|x86.ActiveCfg = Debug|Win32
		{D2168163-6554-4053-AAB8-A36EBDBD7221}.Debug|x86.Build.0 = Debug|Win32
		{D2168163-6554-4053-AAB8-A36EBDBD7221}.Release|x64.ActiveCfg = Release|x64
		{D2168163-6554-4053-AAB8-A36EBDBD7221}.Release|x64.Build.0 = Release|x64
		{D2168163-6554-4053-AAB8-A36EBDBD7221}.Release|x86.ActiveCfg = Release|Win32
		{D2168163-6554-4053-AAB8-A36EBDBD7221}.Release|x86.Build.0 = Release|Win32
		{5EEFE09A-F744-469B-8950-7EC088A70C0E}.Debug|x64.ActiveCfg = Debug|x64
		{5EEFE09A-F744-469B-8950-7EC088A70C0E}.Debug|x64.Build.0 = Debug|x64
		{5EEFE09A-F744-469B-8950-7EC088A70C0E}.Debug|x86.ActiveCfg = Debug|Win32
		{5EEFE09A-F744-469B-8950-7EC088A70C0E}.Debug|x86.Build.0 = Debug|Win32
		{5EEFE09A-F744-469B-8950-7EC088A70C0E}.Release|x64.ActiveCfg = Release|x64
		{5EEFE09A-F744-469B-8950-7EC088A70C0E}.Release|x64.Build.0 = Release|x64
		{5EEFE09A-F744-469B-8950-7EC088A70C0E}.Release|x86.ActiveCfg = Release|Win32
		{5EEFE09A-F744-469B-8950-7EC088A70C0E}.Release|x86.Build.0 = Release|Win32
	EndGlobalSection
	GlobalSection(SolutionProperties) = preSolution
		HideSolutionNode = FALSE
	EndGlobalSection
	GlobalSection(ExtensibilityGlobals) = postSolution
		SolutionGuid = {AD0135B3-4CA2-4926-90EC-9894EEC36312}
	EndGlobalSection
EndGlobal
